{
  "requires": true,
  "lockfileVersion": 1,
  "dependencies": {
    "sqlite": {
      "version": "4.0.21",
      "resolved": "https://registry.npmjs.org/sqlite/-/sqlite-4.0.21.tgz",
      "integrity": "sha512-HIqObuvz+Vx8BXWzIhR12fJMjiE37Mdfupg2Ok0f8MChSqALXj7FgpZauj1pJoSY6qsDYmp/+/ZgSn3l8yutoA=="
    }
  }
}
